
Microsoft Visual Studio Solution File, Format Version 12.00
# Visual Studio Version 17
VisualStudioVersion = 17.7.34024.191
MinimumVisualStudioVersion = 10.0.40219.1
Project("{FAE04EC0-301F-11D3-BF4B-00C04F79EFBC}") = "File-filter-system", "File-filter-system\File-filter-system.csproj", "{96009F9F-643E-4EF2-902B-1FE3461B21A0}"
EndProject
Global
	GlobalSection(SolutionConfigurationPlatforms) = preSolution
		Debug|Any CPU = Debug|Any CPU
		Release|Any CPU = Release|Any CPU
	EndGlobalSection
	GlobalSection(ProjectConfigurationPlatforms) = postSolution
		{96009F9F-643E-4EF2-902B-1FE3461B21A0}.Debug|Any CPU.ActiveCfg = Debug|Any CPU
		{96009F9F-643E-4EF2-902B-1FE3461B21A0}.Debug|Any CPU.Build.0 = Debug|Any CPU
		{96009F9F-643E-4EF2-902B-1FE3461B21A0}.Release|Any CPU.ActiveCfg = Release|Any CPU
		{96009F9F-643E-4EF2-902B-1FE3461B21A0}.Release|Any CPU.Build.0 = Release|Any CPU
	EndGlobalSection
	GlobalSection(SolutionProperties) = preSolution
		HideSolutionNode = FALSE
	EndGlobalSection
	GlobalSection(ExtensibilityGlobals) = postSolution
		SolutionGuid = {66E2AE41-B64E-4DC2-BBBD-2A9A6548B899}
	EndGlobalSection
EndGlobal
